{
    "_readme": [
        "This file locks the dependencies of your project to a known state",
        "Read more about it at https://getcomposer.org/doc/01-basic-usage.md#installing-dependencies",
        "This file is @generated automatically"
    ],
    "content-hash": "bc704e82e9edb99b627f919934179244",
    "packages": [
        {
            "name": "eftec/bladeone",
            "version": "dev-master",
            "source": {
                "type": "git",
                "url": "https://github.com/shokkaku-net/BladeOne.git",
                "reference": "2addf9acaddd854101de0afef828d9bcd6e0c3d4"
            },
            "dist": {
                "type": "zip",
                "url": "https://api.github.com/repos/shokkaku-net/BladeOne/zipball/2addf9acaddd854101de0afef828d9bcd6e0c3d4",
                "reference": "2addf9acaddd854101de0afef828d9bcd6e0c3d4",
                "shasum": ""
            },
            "require": {
                "ext-json": "*",
                "php": ">=7.4"
            },
            "require-dev": {
                "phpunit/phpunit": "^8.5.23"
            },
            "suggest": {
                "eftec/bladeonehtml": "Extension to create forms",
                "ext-mbstring": "This extension is used if it's active"
            },
            "default-branch": true,
            "bin": [
                "lib/bladeonecli"
            ],
            "type": "library",
            "autoload": {
                "psr-4": {
                    "eftec\\bladeone\\": "lib/"
                }
            },
            "autoload-dev": {
                "psr-4": {
                    "eftec\\tests\\": "tests/"
                }
            },
            "archive": {
                "exclude": [
                    "/examples"
                ]
            },
            "license": [
                "MIT"
            ],
            "authors": [
                {
                    "name": "Jorge Patricio Castro Castillo",
                    "email": "jcastro@eftec.cl"
                }
            ],
            "description": "The standalone version Blade Template Engine from Laravel in a single php file",
            "homepage": "https://github.com/EFTEC/BladeOne",
            "keywords": [
                "blade",
                "php",
                "template",
                "templating",
                "view"
            ],
            "support": {
                "source": "https://github.com/shokkaku-net/BladeOne/tree/master"
            },
            "time": "2025-04-04T03:37:54+00:00"
        }
    ],
    "packages-dev": [],
    "aliases": [],
    "minimum-stability": "stable",
    "stability-flags": {
        "eftec/bladeone": 20
    },
    "prefer-stable": false,
    "prefer-lowest": false,
    "platform": {},
    "platform-dev": {},
    "plugin-api-version": "2.6.0"
}
